schema: '2.0'
stages:
  eda:
    cmd: python -m src.data.eda
    deps:
    - path: data/raw/customer_churn_historical.csv
      hash: md5
      md5: 178571792c566f067e3d16b5fb913026
      size: 982638
    - path: src/data/eda.py
      hash: md5
      md5: ca3dbbe64f9c338f3eb866624179b306
      size: 1529
    outs:
    - path: reports/eda_summary.txt
      hash: md5
      md5: d4afb6dcda234625ca4254a41dcd0dc7
      size: 648
  train:
    cmd: python -m src.training.train
    deps:
    - path: data/raw/customer_churn_historical.csv
      hash: md5
      md5: 178571792c566f067e3d16b5fb913026
      size: 982638
    - path: src/training/train.py
      hash: md5
      md5: 5512fec491fe980685723d01575a1e45
      size: 4226
    outs:
    - path: models/churn_pipeline.joblib
      hash: md5
      md5: 6f9b3917dc71150548fd210f1ab6bc62
      size: 9799
    - path: reports/model_comparison.csv
      hash: md5
      md5: 6fbd462d3d81f539dbf421407024a4b0
      size: 192
